# THIS IS AN AUTOGENERATED FILE. DO NOT EDIT THIS FILE DIRECTLY.
# yarn lockfile v1


keycharm@^0.2.0:
  version "0.2.0"
  resolved "https://registry.yarnpkg.com/keycharm/-/keycharm-0.2.0.tgz#fa6ea2e43b90a68028843d27f2075d35a8c3e6f9"
  integrity sha1-+m6i5DuQpoAohD0n8gddNajD5vk=

moment@^2.24.0:
  version "2.29.1"
  resolved "https://registry.yarnpkg.com/moment/-/moment-2.29.1.tgz#b2be769fa31940be9eeea6469c075e35006fa3d3"
  integrity sha512-kHmoybcPV8Sqy59DwNDY3Jefr64lK/by/da0ViFcuA4DH0vQg5Q6Ze5VimxkfQNSC+Mls/Kx53s7TjP1RhFEDQ==

randomcolor@^0.6.2:
  version "0.6.2"
  resolved "https://registry.yarnpkg.com/randomcolor/-/randomcolor-0.6.2.tgz#7a57362ae1a1278439aeed2c15e5deb8ea33f56d"
  integrity sha512-Mn6TbyYpFgwFuQ8KJKqf3bqqY9O1y37/0jgSK/61PUxV4QfIMv0+K2ioq8DfOjkBslcjwSzRfIDEXfzA9aCx7A==

vis-data@^7.1.2:
  version "7.1.2"
  resolved "https://registry.yarnpkg.com/vis-data/-/vis-data-7.1.2.tgz#b7d076ac79cb54f7c5e9c80f5b03b93cc8cc1fda"
  integrity sha512-RPSegFxEcnp3HUEJSzhS2vBdbJ2PSsrYYuhRlpHp2frO/MfRtTYbIkkLZmPkA/Sg3pPfBlR235gcoKbtdm4mbw==

vis-network@^9.1.0:
  version "9.1.0"
  resolved "https://registry.yarnpkg.com/vis-network/-/vis-network-9.1.0.tgz#511db833b68060f279bedc4a852671261d40204e"
  integrity sha512-rx96L144RJWcqOa6afjiFyxZKUerRRbT/YaNMpsusHdwzxrVTO2LlduR45PeJDEztrAf3AU5l2zmiG+1ydUZCw==

vis-util@^5.0.2:
  version "5.0.2"
  resolved "https://registry.yarnpkg.com/vis-util/-/vis-util-5.0.2.tgz#47e8a31580c0805680c43d253ac7da21501990b9"
  integrity sha512-oPDmPc4o0uQLoKpKai2XD1DjrhYsA7MRz75Wx9KmfX84e9LLgsbno7jVL5tR0K9eNVQkD6jf0Ei8NtbBHDkF1A==
