# THIS IS AN AUTOGENERATED FILE. DO NOT EDIT THIS FILE DIRECTLY.
# yarn lockfile v1


keycharm@^0.4.0:
  version "0.4.0"
  resolved "https://registry.yarnpkg.com/keycharm/-/keycharm-0.4.0.tgz#8d684ea9cc01379a07fbddee33ff32d97f5ae2a7"
  integrity sha512-TyQTtsabOVv3MeOpR92sIKk/br9wxS+zGj4BG7CR8YbK4jM3tyIBaF0zhzeBUMx36/Q/iQLOKKOT+3jOQtemRQ==

moment@^2.30.1:
  version "2.30.1"
  resolved "https://registry.yarnpkg.com/moment/-/moment-2.30.1.tgz#f8c91c07b7a786e30c59926df530b4eac96974ae"
  integrity sha512-uEmtNhbDOrWPFS+hdjFCBfy9f2YoyzRpwcl+DqpC6taX21FzsTLQVbMV/W7PzNSX6x/bhC1zA3c2UQ5NzH6how==

randomcolor@^0.6.2:
  version "0.6.2"
  resolved "https://registry.npmjs.org/randomcolor/-/randomcolor-0.6.2.tgz"
  integrity sha512-Mn6TbyYpFgwFuQ8KJKqf3bqqY9O1y37/0jgSK/61PUxV4QfIMv0+K2ioq8DfOjkBslcjwSzRfIDEXfzA9aCx7A==

vis-data@^8.0.3:
  version "8.0.3"
  resolved "https://registry.yarnpkg.com/vis-data/-/vis-data-8.0.3.tgz#774cfd1203fb58c159fa35701efee3d7b737088f"
  integrity sha512-jhnb6rJNqkKR1Qmlay0VuDXY9ZlvAnYN1udsrP4U+krgZEq7C0yNSKdZqmnCe13mdnf9AdVcdDGFOzy2mpPoqw==

vis-network@^10.0.2:
  version "10.0.2"
  resolved "https://registry.yarnpkg.com/vis-network/-/vis-network-10.0.2.tgz#cf8ea2c6a06d32612d90c1aac14def1432112484"
  integrity sha512-qPl8GLYBeHEFqiTqp4VBbYQIJ2EA8KLr7TstA2E8nJxfEHaKCU81hQLz7hhq11NUpHbMaRzBjW5uZpVKJ45/wA==

vis-util@^6.0.0:
  version "6.0.0"
  resolved "https://registry.yarnpkg.com/vis-util/-/vis-util-6.0.0.tgz#5cad6cbc950c7b2e809a0a14ae5c2c8ca62262b5"
  integrity sha512-qtpts3HRma0zPe4bO7t9A2uejkRNj8Z2Tb6do6lN85iPNWExFkUiVhdAq5uLGIUqBFduyYeqWJKv/jMkxX0R5g==
